
Microsoft Visual Studio Solution File, Format Version 12.00
# Visual Studio 15
VisualStudioVersion = 15.0.27130.2027
MinimumVisualStudioVersion = 10.0.40219.1
Project("{FAE04EC0-301F-11D3-BF4B-00C04F79EFBC}") = "PointTracker.Android", "PointTracker\PointTracker.Android\PointTracker.Android.csproj", "{D1832BAB-E714-4B76-A86C-71B8007DABF0}"
EndProject
Project("{FAE04EC0-301F-11D3-BF4B-00C04F79EFBC}") = "PointTracker.iOS", "PointTracker\PointTracker.iOS\PointTracker.iOS.csproj", "{4F179C08-5B53-43BF-ACF4-71B66846FD3E}"
EndProject
Project("{FAE04EC0-301F-11D3-BF4B-00C04F79EFBC}") = "PointTracker.UWP", "PointTracker\PointTracker.UWP\PointTracker.UWP.csproj", "{72F6FF65-D9A8-466C-8AFB-392C9F4FF5A0}"
EndProject
Project("{D954291E-2A0B-460D-934E-DC6B0785DB48}") = "PointTracker", "PointTracker\PointTracker\PointTracker.shproj", "{3D7C50DB-A1BA-4F44-86C4-7F2FE175683B}"
EndProject
Global
	GlobalSection(SharedMSBuildProjectFiles) = preSolution
		PointTracker\PointTracker\PointTracker.projitems*{3d7c50db-a1ba-4f44-86c4-7f2fe175683b}*SharedItemsImports = 13
		PointTracker\PointTracker\PointTracker.projitems*{4f179c08-5b53-43bf-acf4-71b66846fd3e}*SharedItemsImports = 4
		PointTracker\PointTracker\PointTracker.projitems*{72f6ff65-d9a8-466c-8afb-392c9f4ff5a0}*SharedItemsImports = 4
		PointTracker\PointTracker\PointTracker.projitems*{d1832bab-e714-4b76-a86c-71b8007dabf0}*SharedItemsImports = 4
	EndGlobalSection
	GlobalSection(SolutionConfigurationPlatforms) = preSolution
		Ad-Hoc|Any CPU = Ad-Hoc|Any CPU
		Ad-Hoc|ARM = Ad-Hoc|ARM
		Ad-Hoc|iPhone = Ad-Hoc|iPhone
		Ad-Hoc|iPhoneSimulator = Ad-Hoc|iPhoneSimulator
		Ad-Hoc|x64 = Ad-Hoc|x64
		Ad-Hoc|x86 = Ad-Hoc|x86
		AppStore|Any CPU = AppStore|Any CPU
		AppStore|ARM = AppStore|ARM
		AppStore|iPhone = AppStore|iPhone
		AppStore|iPhoneSimulator = AppStore|iPhoneSimulator
		AppStore|x64 = AppStore|x64
		AppStore|x86 = AppStore|x86
		Debug|Any CPU = Debug|Any CPU
		Debug|ARM = Debug|ARM
		Debug|iPhone = Debug|iPhone
		Debug|iPhoneSimulator = Debug|iPhoneSimulator
		Debug|x64 = Debug|x64
		Debug|x86 = Debug|x86
		Release|Any CPU = Release|Any CPU
		Release|ARM = Release|ARM
		Release|iPhone = Release|iPhone
		Release|iPhoneSimulator = Release|iPhoneSimulator
		Release|x64 = Release|x64
		Release|x86 = Release|x86
	EndGlobalSection
	GlobalSection(ProjectConfigurationPlatforms) = postSolution
		{D1832BAB-E714-4B76-A86C-71B8007DABF0}.Ad-Hoc|Any CPU.ActiveCfg = Release|Any CPU
		{D1832BAB-E714-4B76-A86C-71B8007DABF0}.Ad-Hoc|Any CPU.Build.0 = Release|Any CPU
		{D1832BAB-E714-4B76-A86C-71B8007DABF0}.Ad-Hoc|Any CPU.Deploy.0 = Release|Any CPU
		{D1832BAB-E714-4B76-A86C-71B8007DABF0}.Ad-Hoc|ARM.ActiveCfg = Release|Any CPU
		{D1832BAB-E714-4B76-A86C-71B8007DABF0}.Ad-Hoc|ARM.Build.0 = Release|Any CPU
		{D1832BAB-E714-4B76-A86C-71B8007DABF0}.Ad-Hoc|ARM.Deploy.0 = Release|Any CPU
		{D1832BAB-E714-4B76-A86C-71B8007DABF0}.Ad-Hoc|iPhone.ActiveCfg = Release|Any CPU
		{D1832BAB-E714-4B76-A86C-71B8007DABF0}.Ad-Hoc|iPhone.Build.0 = Release|Any CPU
		{D1832BAB-E714-4B76-A86C-71B8007DABF0}.Ad-Hoc|iPhone.Deploy.0 = Release|Any CPU
		{D1832BAB-E714-4B76-A86C-71B8007DABF0}.Ad-Hoc|iPhoneSimulator.ActiveCfg = Release|Any CPU
		{D1832BAB-E714-4B76-A86C-71B8007DABF0}.Ad-Hoc|iPhoneSimulator.Build.0 = Release|Any CPU
		{D1832BAB-E714-4B76-A86C-71B8007DABF0}.Ad-Hoc|iPhoneSimulator.Deploy.0 = Release|Any CPU
		{D1832BAB-E714-4B76-A86C-71B8007DABF0}.Ad-Hoc|x64.ActiveCfg = Release|Any CPU
		{D1832BAB-E714-4B76-A86C-71B8007DABF0}.Ad-Hoc|x64.Build.0 = Release|Any CPU
		{D1832BAB-E714-4B76-A86C-71B8007DABF0}.Ad-Hoc|x64.Deploy.0 = Release|Any CPU
		{D1832BAB-E714-4B76-A86C-71B8007DABF0}.Ad-Hoc|x86.ActiveCfg = Release|Any CPU
		{D1832BAB-E714-4B76-A86C-71B8007DABF0}.Ad-Hoc|x86.Build.0 = Release|Any CPU
		{D1832BAB-E714-4B76-A86C-71B8007DABF0}.Ad-Hoc|x86.Deploy.0 = Release|Any CPU
		{D1832BAB-E714-4B76-A86C-71B8007DABF0}.AppStore|Any CPU.ActiveCfg = Release|Any CPU
		{D1832BAB-E714-4B76-A86C-71B8007DABF0}.AppStore|Any CPU.Build.0 = Release|Any CPU
		{D1832BAB-E714-4B76-A86C-71B8007DABF0}.AppStore|Any CPU.Deploy.0 = Release|Any CPU
		{D1832BAB-E714-4B76-A86C-71B8007DABF0}.AppStore|ARM.ActiveCfg = Release|Any CPU
		{D1832BAB-E714-4B76-A86C-71B8007DABF0}.AppStore|ARM.Build.0 = Release|Any CPU
		{D1832BAB-E714-4B76-A86C-71B8007DABF0}.AppStore|ARM.Deploy.0 = Release|Any CPU
		{D1832BAB-E714-4B76-A86C-71B8007DABF0}.AppStore|iPhone.ActiveCfg = Release|Any CPU
		{D1832BAB-E714-4B76-A86C-71B8007DABF0}.AppStore|iPhone.Build.0 = Release|Any CPU
		{D1832BAB-E714-4B76-A86C-71B8007DABF0}.AppStore|iPhone.Deploy.0 = Release|Any CPU
		{D1832BAB-E714-4B76-A86C-71B8007DABF0}.AppStore|iPhoneSimulator.ActiveCfg = Release|Any CPU
		{D1832BAB-E714-4B76-A86C-71B8007DABF0}.AppStore|iPhoneSimulator.Build.0 = Release|Any CPU
		{D1832BAB-E714-4B76-A86C-71B8007DABF0}.AppStore|iPhoneSimulator.Deploy.0 = Release|Any CPU
		{D1832BAB-E714-4B76-A86C-71B8007DABF0}.AppStore|x64.ActiveCfg = Release|Any CPU
		{D1832BAB-E714-4B76-A86C-71B8007DABF0}.AppStore|x64.Build.0 = Release|Any CPU
		{D1832BAB-E714-4B76-A86C-71B8007DABF0}.AppStore|x64.Deploy.0 = Release|Any CPU
		{D1832BAB-E714-4B76-A86C-71B8007DABF0}.AppStore|x86.ActiveCfg = Release|Any CPU
		{D1832BAB-E714-4B76-A86C-71B8007DABF0}.AppStore|x86.Build.0 = Release|Any CPU
		{D1832BAB-E714-4B76-A86C-71B8007DABF0}.AppStore|x86.Deploy.0 = Release|Any CPU
		{D1832BAB-E714-4B76-A86C-71B8007DABF0}.Debug|Any CPU.ActiveCfg = Debug|Any CPU
		{D1832BAB-E714-4B76-A86C-71B8007DABF0}.Debug|Any CPU.Build.0 = Debug|Any CPU
		{D1832BAB-E714-4B76-A86C-71B8007DABF0}.Debug|Any CPU.Deploy.0 = Debug|Any CPU
		{D1832BAB-E714-4B76-A86C-71B8007DABF0}.Debug|ARM.ActiveCfg = Debug|Any CPU
		{D1832BAB-E714-4B76-A86C-71B8007DABF0}.Debug|ARM.Build.0 = Debug|Any CPU
		{D1832BAB-E714-4B76-A86C-71B8007DABF0}.Debug|ARM.Deploy.0 = Debug|Any CPU
		{D1832BAB-E714-4B76-A86C-71B8007DABF0}.Debug|iPhone.ActiveCfg = Debug|Any CPU
		{D1832BAB-E714-4B76-A86C-71B8007DABF0}.Debug|iPhone.Build.0 = Debug|Any CPU
		{D1832BAB-E714-4B76-A86C-71B8007DABF0}.Debug|iPhone.Deploy.0 = Debug|Any CPU
		{D1832BAB-E714-4B76-A86C-71B8007DABF0}.Debug|iPhoneSimulator.ActiveCfg = Debug|Any CPU
		{D1832BAB-E714-4B76-A86C-71B8007DABF0}.Debug|iPhoneSimulator.Build.0 = Debug|Any CPU
		{D1832BAB-E714-4B76-A86C-71B8007DABF0}.Debug|iPhoneSimulator.Deploy.0 = Debug|Any CPU
		{D1832BAB-E714-4B76-A86C-71B8007DABF0}.Debug|x64.ActiveCfg = Debug|Any CPU
		{D1832BAB-E714-4B76-A86C-71B8007DABF0}.Debug|x64.Build.0 = Debug|Any CPU
		{D1832BAB-E714-4B76-A86C-71B8007DABF0}.Debug|x64.Deploy.0 = Debug|Any CPU
		{D1832BAB-E714-4B76-A86C-71B8007DABF0}.Debug|x86.ActiveCfg = Debug|Any CPU
		{D1832BAB-E714-4B76-A86C-71B8007DABF0}.Debug|x86.Build.0 = Debug|Any CPU
		{D1832BAB-E714-4B76-A86C-71B8007DABF0}.Debug|x86.Deploy.0 = Debug|Any CPU
		{D1832BAB-E714-4B76-A86C-71B8007DABF0}.Release|Any CPU.ActiveCfg = Release|Any CPU
		{D1832BAB-E714-4B76-A86C-71B8007DABF0}.Release|Any CPU.Build.0 = Release|Any CPU
		{D1832BAB-E714-4B76-A86C-71B8007DABF0}.Release|Any CPU.Deploy.0 = Release|Any CPU
		{D1832BAB-E714-4B76-A86C-71B8007DABF0}.Release|ARM.ActiveCfg = Release|Any CPU
		{D1832BAB-E714-4B76-A86C-71B8007DABF0}.Release|ARM.Build.0 = Release|Any CPU
		{D1832BAB-E714-4B76-A86C-71B8007DABF0}.Release|ARM.Deploy.0 = Release|Any CPU
		{D1832BAB-E714-4B76-A86C-71B8007DABF0}.Release|iPhone.ActiveCfg = Release|Any CPU
		{D1832BAB-E714-4B76-A86C-71B8007DABF0}.Release|iPhone.Build.0 = Release|Any CPU
		{D1832BAB-E714-4B76-A86C-71B8007DABF0}.Release|iPhone.Deploy.0 = Release|Any CPU
		{D1832BAB-E714-4B76-A86C-71B8007DABF0}.Release|iPhoneSimulator.ActiveCfg = Release|Any CPU
		{D1832BAB-E714-4B76-A86C-71B8007DABF0}.Release|iPhoneSimulator.Build.0 = Release|Any CPU
		{D1832BAB-E714-4B76-A86C-71B8007DABF0}.Release|iPhoneSimulator.Deploy.0 = Release|Any CPU
		{D1832BAB-E714-4B76-A86C-71B8007DABF0}.Release|x64.ActiveCfg = Release|Any CPU
		{D1832BAB-E714-4B76-A86C-71B8007DABF0}.Release|x64.Build.0 = Release|Any CPU
		{D1832BAB-E714-4B76-A86C-71B8007DABF0}.Release|x64.Deploy.0 = Release|Any CPU
		{D1832BAB-E714-4B76-A86C-71B8007DABF0}.Release|x86.ActiveCfg = Release|Any CPU
		{D1832BAB-E714-4B76-A86C-71B8007DABF0}.Release|x86.Build.0 = Release|Any CPU
		{D1832BAB-E714-4B76-A86C-71B8007DABF0}.Release|x86.Deploy.0 = Release|Any CPU
		{4F179C08-5B53-43BF-ACF4-71B66846FD3E}.Ad-Hoc|Any CPU.ActiveCfg = Ad-Hoc|iPhone
		{4F179C08-5B53-43BF-ACF4-71B66846FD3E}.Ad-Hoc|ARM.ActiveCfg = Ad-Hoc|iPhone
		{4F179C08-5B53-43BF-ACF4-71B66846FD3E}.Ad-Hoc|iPhone.ActiveCfg = Ad-Hoc|iPhone
		{4F179C08-5B53-43BF-ACF4-71B66846FD3E}.Ad-Hoc|iPhone.Build.0 = Ad-Hoc|iPhone
		{4F179C08-5B53-43BF-ACF4-71B66846FD3E}.Ad-Hoc|iPhoneSimulator.ActiveCfg = Ad-Hoc|iPhoneSimulator
		{4F179C08-5B53-43BF-ACF4-71B66846FD3E}.Ad-Hoc|iPhoneSimulator.Build.0 = Ad-Hoc|iPhoneSimulator
		{4F179C08-5B53-43BF-ACF4-71B66846FD3E}.Ad-Hoc|x64.ActiveCfg = Ad-Hoc|iPhone
		{4F179C08-5B53-43BF-ACF4-71B66846FD3E}.Ad-Hoc|x86.ActiveCfg = Ad-Hoc|iPhone
		{4F179C08-5B53-43BF-ACF4-71B66846FD3E}.AppStore|Any CPU.ActiveCfg = AppStore|iPhone
		{4F179C08-5B53-43BF-ACF4-71B66846FD3E}.AppStore|ARM.ActiveCfg = AppStore|iPhone
		{4F179C08-5B53-43BF-ACF4-71B66846FD3E}.AppStore|iPhone.ActiveCfg = AppStore|iPhone
		{4F179C08-5B53-43BF-ACF4-71B66846FD3E}.AppStore|iPhone.Build.0 = AppStore|iPhone
		{4F179C08-5B53-43BF-ACF4-71B66846FD3E}.AppStore|iPhoneSimulator.ActiveCfg = AppStore|iPhoneSimulator
		{4F179C08-5B53-43BF-ACF4-71B66846FD3E}.AppStore|iPhoneSimulator.Build.0 = AppStore|iPhoneSimulator
		{4F179C08-5B53-43BF-ACF4-71B66846FD3E}.AppStore|x64.ActiveCfg = AppStore|iPhone
		{4F179C08-5B53-43BF-ACF4-71B66846FD3E}.AppStore|x86.ActiveCfg = AppStore|iPhone
		{4F179C08-5B53-43BF-ACF4-71B66846FD3E}.Debug|Any CPU.ActiveCfg = Debug|iPhone
		{4F179C08-5B53-43BF-ACF4-71B66846FD3E}.Debug|ARM.ActiveCfg = Debug|iPhone
		{4F179C08-5B53-43BF-ACF4-71B66846FD3E}.Debug|iPhone.ActiveCfg = Debug|iPhone
		{4F179C08-5B53-43BF-ACF4-71B66846FD3E}.Debug|iPhone.Build.0 = Debug|iPhone
		{4F179C08-5B53-43BF-ACF4-71B66846FD3E}.Debug|iPhoneSimulator.ActiveCfg = Debug|iPhoneSimulator
		{4F179C08-5B53-43BF-ACF4-71B66846FD3E}.Debug|iPhoneSimulator.Build.0 = Debug|iPhoneSimulator
		{4F179C08-5B53-43BF-ACF4-71B66846FD3E}.Debug|x64.ActiveCfg = Debug|iPhone
		{4F179C08-5B53-43BF-ACF4-71B66846FD3E}.Debug|x86.ActiveCfg = Debug|iPhone
		{4F179C08-5B53-43BF-ACF4-71B66846FD3E}.Release|Any CPU.ActiveCfg = Release|iPhone
		{4F179C08-5B53-43BF-ACF4-71B66846FD3E}.Release|ARM.ActiveCfg = Release|iPhone
		{4F179C08-5B53-43BF-ACF4-71B66846FD3E}.Release|iPhone.ActiveCfg = Release|iPhone
		{4F179C08-5B53-43BF-ACF4-71B66846FD3E}.Release|iPhone.Build.0 = Release|iPhone
		{4F179C08-5B53-43BF-ACF4-71B66846FD3E}.Release|iPhoneSimulator.ActiveCfg = Release|iPhoneSimulator
		{4F179C08-5B53-43BF-ACF4-71B66846FD3E}.Release|iPhoneSimulator.Build.0 = Release|iPhoneSimulator
		{4F179C08-5B53-43BF-ACF4-71B66846FD3E}.Release|x64.ActiveCfg = Release|iPhone
		{4F179C08-5B53-43BF-ACF4-71B66846FD3E}.Release|x86.ActiveCfg = Release|iPhone
		{72F6FF65-D9A8-466C-8AFB-392C9F4FF5A0}.Ad-Hoc|Any CPU.ActiveCfg = Release|x86
		{72F6FF65-D9A8-466C-8AFB-392C9F4FF5A0}.Ad-Hoc|Any CPU.Build.0 = Release|x86
		{72F6FF65-D9A8-466C-8AFB-392C9F4FF5A0}.Ad-Hoc|Any CPU.Deploy.0 = Release|x86
		{72F6FF65-D9A8-466C-8AFB-392C9F4FF5A0}.Ad-Hoc|ARM.ActiveCfg = Release|ARM
		{72F6FF65-D9A8-466C-8AFB-392C9F4FF5A0}.Ad-Hoc|ARM.Build.0 = Release|ARM
		{72F6FF65-D9A8-466C-8AFB-392C9F4FF5A0}.Ad-Hoc|ARM.Deploy.0 = Release|ARM
		{72F6FF65-D9A8-466C-8AFB-392C9F4FF5A0}.Ad-Hoc|iPhone.ActiveCfg = Release|x86
		{72F6FF65-D9A8-466C-8AFB-392C9F4FF5A0}.Ad-Hoc|iPhone.Build.0 = Release|x86
		{72F6FF65-D9A8-466C-8AFB-392C9F4FF5A0}.Ad-Hoc|iPhone.Deploy.0 = Release|x86
		{72F6FF65-D9A8-466C-8AFB-392C9F4FF5A0}.Ad-Hoc|iPhoneSimulator.ActiveCfg = Release|x86
		{72F6FF65-D9A8-466C-8AFB-392C9F4FF5A0}.Ad-Hoc|iPhoneSimulator.Build.0 = Release|x86
		{72F6FF65-D9A8-466C-8AFB-392C9F4FF5A0}.Ad-Hoc|iPhoneSimulator.Deploy.0 = Release|x86
		{72F6FF65-D9A8-466C-8AFB-392C9F4FF5A0}.Ad-Hoc|x64.ActiveCfg = Release|x64
		{72F6FF65-D9A8-466C-8AFB-392C9F4FF5A0}.Ad-Hoc|x64.Build.0 = Release|x64
		{72F6FF65-D9A8-466C-8AFB-392C9F4FF5A0}.Ad-Hoc|x64.Deploy.0 = Release|x64
		{72F6FF65-D9A8-466C-8AFB-392C9F4FF5A0}.Ad-Hoc|x86.ActiveCfg = Release|x86
		{72F6FF65-D9A8-466C-8AFB-392C9F4FF5A0}.Ad-Hoc|x86.Build.0 = Release|x86
		{72F6FF65-D9A8-466C-8AFB-392C9F4FF5A0}.Ad-Hoc|x86.Deploy.0 = Release|x86
		{72F6FF65-D9A8-466C-8AFB-392C9F4FF5A0}.AppStore|Any CPU.ActiveCfg = Release|x86
		{72F6FF65-D9A8-466C-8AFB-392C9F4FF5A0}.AppStore|Any CPU.Build.0 = Release|x86
		{72F6FF65-D9A8-466C-8AFB-392C9F4FF5A0}.AppStore|Any CPU.Deploy.0 = Release|x86
		{72F6FF65-D9A8-466C-8AFB-392C9F4FF5A0}.AppStore|ARM.ActiveCfg = Release|ARM
		{72F6FF65-D9A8-466C-8AFB-392C9F4FF5A0}.AppStore|ARM.Build.0 = Release|ARM
		{72F6FF65-D9A8-466C-8AFB-392C9F4FF5A0}.AppStore|ARM.Deploy.0 = Release|ARM
		{72F6FF65-D9A8-466C-8AFB-392C9F4FF5A0}.AppStore|iPhone.ActiveCfg = Release|x86
		{72F6FF65-D9A8-466C-8AFB-392C9F4FF5A0}.AppStore|iPhone.Build.0 = Release|x86
		{72F6FF65-D9A8-466C-8AFB-392C9F4FF5A0}.AppStore|iPhone.Deploy.0 = Release|x86
		{72F6FF65-D9A8-466C-8AFB-392C9F4FF5A0}.AppStore|iPhoneSimulator.ActiveCfg = Release|x86
		{72F6FF65-D9A8-466C-8AFB-392C9F4FF5A0}.AppStore|iPhoneSimulator.Build.0 = Release|x86
		{72F6FF65-D9A8-466C-8AFB-392C9F4FF5A0}.AppStore|iPhoneSimulator.Deploy.0 = Release|x86
		{72F6FF65-D9A8-466C-8AFB-392C9F4FF5A0}.AppStore|x64.ActiveCfg = Release|x64
		{72F6FF65-D9A8-466C-8AFB-392C9F4FF5A0}.AppStore|x64.Build.0 = Release|x64
		{72F6FF65-D9A8-466C-8AFB-392C9F4FF5A0}.AppStore|x64.Deploy.0 = Release|x64
		{72F6FF65-D9A8-466C-8AFB-392C9F4FF5A0}.AppStore|x86.ActiveCfg = Release|x86
		{72F6FF65-D9A8-466C-8AFB-392C9F4FF5A0}.AppStore|x86.Build.0 = Release|x86
		{72F6FF65-D9A8-466C-8AFB-392C9F4FF5A0}.AppStore|x86.Deploy.0 = Release|x86
		{72F6FF65-D9A8-466C-8AFB-392C9F4FF5A0}.Debug|Any CPU.ActiveCfg = Debug|x86
		{72F6FF65-D9A8-466C-8AFB-392C9F4FF5A0}.Debug|ARM.ActiveCfg = Debug|ARM
		{72F6FF65-D9A8-466C-8AFB-392C9F4FF5A0}.Debug|ARM.Build.0 = Debug|ARM
		{72F6FF65-D9A8-466C-8AFB-392C9F4FF5A0}.Debug|ARM.Deploy.0 = Debug|ARM
		{72F6FF65-D9A8-466C-8AFB-392C9F4FF5A0}.Debug|iPhone.ActiveCfg = Debug|x86
		{72F6FF65-D9A8-466C-8AFB-392C9F4FF5A0}.Debug|iPhoneSimulator.ActiveCfg = Debug|x86
		{72F6FF65-D9A8-466C-8AFB-392C9F4FF5A0}.Debug|x64.ActiveCfg = Debug|x64
		{72F6FF65-D9A8-466C-8AFB-392C9F4FF5A0}.Debug|x64.Build.0 = Debug|x64
		{72F6FF65-D9A8-466C-8AFB-392C9F4FF5A0}.Debug|x64.Deploy.0 = Debug|x64
		{72F6FF65-D9A8-466C-8AFB-392C9F4FF5A0}.Debug|x86.ActiveCfg = Debug|x86
		{72F6FF65-D9A8-466C-8AFB-392C9F4FF5A0}.Debug|x86.Build.0 = Debug|x86
		{72F6FF65-D9A8-466C-8AFB-392C9F4FF5A0}.Debug|x86.Deploy.0 = Debug|x86
		{72F6FF65-D9A8-466C-8AFB-392C9F4FF5A0}.Release|Any CPU.ActiveCfg = Release|x86
		{72F6FF65-D9A8-466C-8AFB-392C9F4FF5A0}.Release|ARM.ActiveCfg = Release|ARM
		{72F6FF65-D9A8-466C-8AFB-392C9F4FF5A0}.Release|ARM.Build.0 = Release|ARM
		{72F6FF65-D9A8-466C-8AFB-392C9F4FF5A0}.Release|ARM.Deploy.0 = Release|ARM
		{72F6FF65-D9A8-466C-8AFB-392C9F4FF5A0}.Release|iPhone.ActiveCfg = Release|x86
		{72F6FF65-D9A8-466C-8AFB-392C9F4FF5A0}.Release|iPhoneSimulator.ActiveCfg = Release|x86
		{72F6FF65-D9A8-466C-8AFB-392C9F4FF5A0}.Release|x64.ActiveCfg = Release|x64
		{72F6FF65-D9A8-466C-8AFB-392C9F4FF5A0}.Release|x64.Build.0 = Release|x64
		{72F6FF65-D9A8-466C-8AFB-392C9F4FF5A0}.Release|x64.Deploy.0 = Release|x64
		{72F6FF65-D9A8-466C-8AFB-392C9F4FF5A0}.Release|x86.ActiveCfg = Release|x86
		{72F6FF65-D9A8-466C-8AFB-392C9F4FF5A0}.Release|x86.Build.0 = Release|x86
		{72F6FF65-D9A8-466C-8AFB-392C9F4FF5A0}.Release|x86.Deploy.0 = Release|x86
	EndGlobalSection
	GlobalSection(SolutionProperties) = preSolution
		HideSolutionNode = FALSE
	EndGlobalSection
	GlobalSection(ExtensibilityGlobals) = postSolution
		SolutionGuid = {A77498A5-C125-4420-BFC8-65E79641D529}
	EndGlobalSection
EndGlobal
